
Microsoft Visual Studio Solution File, Format Version 12.00
# Visual Studio Version 16
VisualStudioVersion = 16.0.31112.23
MinimumVisualStudioVersion = 10.0.40219.1
Project("{9A19103F-16F7-4668-BE54-9A1E7A4F7556}") = "Templar", "Templar\Templar.csproj", "{30231B31-3BDD-481E-9882-1C3EC3EC0B43}"
EndProject
Project("{9A19103F-16F7-4668-BE54-9A1E7A4F7556}") = "Archon", "Archon\Archon.csproj", "{20C4D884-D805-4C6E-AE68-D19071DA4E0D}"
EndProject
Global
	GlobalSection(SolutionConfigurationPlatforms) = preSolution
		Debug|Any CPU = Debug|Any CPU
		Debug|x64 = Debug|x64
		Release|Any CPU = Release|Any CPU
		Release|x64 = Release|x64
	EndGlobalSection
	GlobalSection(ProjectConfigurationPlatforms) = postSolution
		{30231B31-3BDD-481E-9882-1C3EC3EC0B43}.Debug|Any CPU.ActiveCfg = Debug|Any CPU
		{30231B31-3BDD-481E-9882-1C3EC3EC0B43}.Debug|Any CPU.Build.0 = Debug|Any CPU
		{30231B31-3BDD-481E-9882-1C3EC3EC0B43}.Debug|x64.ActiveCfg = Debug|x64
		{30231B31-3BDD-481E-9882-1C3EC3EC0B43}.Debug|x64.Build.0 = Debug|x64
		{30231B31-3BDD-481E-9882-1C3EC3EC0B43}.Release|Any CPU.ActiveCfg = Release|Any CPU
		{30231B31-3BDD-481E-9882-1C3EC3EC0B43}.Release|Any CPU.Build.0 = Release|Any CPU
		{30231B31-3BDD-481E-9882-1C3EC3EC0B43}.Release|x64.ActiveCfg = Release|x64
		{30231B31-3BDD-481E-9882-1C3EC3EC0B43}.Release|x64.Build.0 = Release|x64
		{20C4D884-D805-4C6E-AE68-D19071DA4E0D}.Debug|Any CPU.ActiveCfg = Debug|Any CPU
		{20C4D884-D805-4C6E-AE68-D19071DA4E0D}.Debug|Any CPU.Build.0 = Debug|Any CPU
		{20C4D884-D805-4C6E-AE68-D19071DA4E0D}.Debug|x64.ActiveCfg = Debug|Any CPU
		{20C4D884-D805-4C6E-AE68-D19071DA4E0D}.Debug|x64.Build.0 = Debug|Any CPU
		{20C4D884-D805-4C6E-AE68-D19071DA4E0D}.Release|Any CPU.ActiveCfg = Release|Any CPU
		{20C4D884-D805-4C6E-AE68-D19071DA4E0D}.Release|Any CPU.Build.0 = Release|Any CPU
		{20C4D884-D805-4C6E-AE68-D19071DA4E0D}.Release|x64.ActiveCfg = Release|Any CPU
		{20C4D884-D805-4C6E-AE68-D19071DA4E0D}.Release|x64.Build.0 = Release|Any CPU
	EndGlobalSection
	GlobalSection(SolutionProperties) = preSolution
		HideSolutionNode = FALSE
	EndGlobalSection
	GlobalSection(ExtensibilityGlobals) = postSolution
		SolutionGuid = {8AA125B9-B87D-4706-9753-C458C5488CF7}
	EndGlobalSection
EndGlobal
